// !$*UTF8*$!
{
	archiveVersion = 1;
	classes = {
	};
	objectVersion = 56;
	objects = {

/* Begin PBXBuildFile section */
		6D0AE1C329C0F64C00020FAA /* AppDelegate.swift in Sources */ = {isa = PBXBuildFile; fileRef = 6D0AE1C229C0F64C00020FAA /* AppDelegate.swift */; };
		6D0AE1C529C0F64C00020FAA /* SceneDelegate.swift in Sources */ = {isa = PBXBuildFile; fileRef = 6D0AE1C429C0F64C00020FAA /* SceneDelegate.swift */; };
		6D0AE1C729C0F64C00020FAA /* LoginViewController.swift in Sources */ = {isa = PBXBuildFile; fileRef = 6D0AE1C629C0F64C00020FAA /* LoginViewController.swift */; };
		6D0AE1CA29C0F64C00020FAA /* Main.storyboard in Resources */ = {isa = PBXBuildFile; fileRef = 6D0AE1C829C0F64C00020FAA /* Main.storyboard */; };
		6D0AE1CC29C0F64E00020FAA /* Assets.xcassets in Resources */ = {isa = PBXBuildFile; fileRef = 6D0AE1CB29C0F64E00020FAA /* Assets.xcassets */; };
		6D0AE1CF29C0F64E00020FAA /* LaunchScreen.storyboard in Resources */ = {isa = PBXBuildFile; fileRef = 6D0AE1CD29C0F64E00020FAA /* LaunchScreen.storyboard */; };
		6D8EF49D29C8E3C50084AE46 /* UserInfoViewController.swift in Sources */ = {isa = PBXBuildFile; fileRef = 6D8EF49C29C8E3C50084AE46 /* UserInfoViewController.swift */; };
		6D8EF49F29C8E4920084AE46 /* ImageViewController.swift in Sources */ = {isa = PBXBuildFile; fileRef = 6D8EF49E29C8E4920084AE46 /* ImageViewController.swift */; };
		6DA38FDF29C4505D00D790B2 /* WelcomeViewController.swift in Sources */ = {isa = PBXBuildFile; fileRef = 6DA38FDE29C4505D00D790B2 /* WelcomeViewController.swift */; };
		6DA8879429C6135C00DCF329 /* Extension + UIView.swift in Sources */ = {isa = PBXBuildFile; fileRef = 6DA8879329C6135C00DCF329 /* Extension + UIView.swift */; };
		6DA8879729C6159C00DCF329 /* User.swift in Sources */ = {isa = PBXBuildFile; fileRef = 6DA8879629C6159C00DCF329 /* User.swift */; };
/* End PBXBuildFile section */

/* Begin PBXFileReference section */
		6D0AE1BF29C0F64C00020FAA /* UserAuthorizationApp.app */ = {isa = PBXFileReference; explicitFileType = wrapper.application; includeInIndex = 0; path = UserAuthorizationApp.app; sourceTree = BUILT_PRODUCTS_DIR; };
		6D0AE1C229C0F64C00020FAA /* AppDelegate.swift */ = {isa = PBXFileReference; lastKnownFileType = sourcecode.swift; path = AppDelegate.swift; sourceTree = "<group>"; };
		6D0AE1C429C0F64C00020FAA /* SceneDelegate.swift */ = {isa = PBXFileReference; lastKnownFileType = sourcecode.swift; path = SceneDelegate.swift; sourceTree = "<group>"; };
		6D0AE1C629C0F64C00020FAA /* LoginViewController.swift */ = {isa = PBXFileReference; lastKnownFileType = sourcecode.swift; path = LoginViewController.swift; sourceTree = "<group>"; };
		6D0AE1C929C0F64C00020FAA /* Base */ = {isa = PBXFileReference; lastKnownFileType = file.storyboard; name = Base; path = Base.lproj/Main.storyboard; sourceTree = "<group>"; };
		6D0AE1CB29C0F64E00020FAA /* Assets.xcassets */ = {isa = PBXFileReference; lastKnownFileType = folder.assetcatalog; path = Assets.xcassets; sourceTree = "<group>"; };
		6D0AE1CE29C0F64E00020FAA /* Base */ = {isa = PBXFileReference; lastKnownFileType = file.storyboard; name = Base; path = Base.lproj/LaunchScreen.storyboard; sourceTree = "<group>"; };
		6D0AE1D029C0F64E00020FAA /* Info.plist */ = {isa = PBXFileReference; lastKnownFileType = text.plist.xml; path = Info.plist; sourceTree = "<group>"; };
		6D8EF49C29C8E3C50084AE46 /* UserInfoViewController.swift */ = {isa = PBXFileReference; lastKnownFileType = sourcecode.swift; path = UserInfoViewController.swift; sourceTree = "<group>"; };
		6D8EF49E29C8E4920084AE46 /* ImageViewController.swift */ = {isa = PBXFileReference; lastKnownFileType = sourcecode.swift; path = ImageViewController.swift; sourceTree = "<group>"; };
		6DA38FDE29C4505D00D790B2 /* WelcomeViewController.swift */ = {isa = PBXFileReference; lastKnownFileType = sourcecode.swift; path = WelcomeViewController.swift; sourceTree = "<group>"; };
		6DA8879329C6135C00DCF329 /* Extension + UIView.swift */ = {isa = PBXFileReference; lastKnownFileType = sourcecode.swift; path = "Extension + UIView.swift"; sourceTree = "<group>"; };
		6DA8879629C6159C00DCF329 /* User.swift */ = {isa = PBXFileReference; lastKnownFileType = sourcecode.swift; path = User.swift; sourceTree = "<group>"; };
/* End PBXFileReference section */

/* Begin PBXFrameworksBuildPhase section */
		6D0AE1BC29C0F64C00020FAA /* Frameworks */ = {
			isa = PBXFrameworksBuildPhase;
			buildActionMask = 2147483647;
			files = (
			);
			runOnlyForDeploymentPostprocessing = 0;
		};
/* End PBXFrameworksBuildPhase section */

/* Begin PBXGroup section */
		6D0AE1B629C0F64C00020FAA = {
			isa = PBXGroup;
			children = (
				6D0AE1C129C0F64C00020FAA /* UserAuthorizationApp */,
				6D0AE1C029C0F64C00020FAA /* Products */,
			);
			sourceTree = "<group>";
		};
		6D0AE1C029C0F64C00020FAA /* Products */ = {
			isa = PBXGroup;
			children = (
				6D0AE1BF29C0F64C00020FAA /* UserAuthorizationApp.app */,
			);
			name = Products;
			sourceTree = "<group>";
		};
		6D0AE1C129C0F64C00020FAA /* UserAuthorizationApp */ = {
			isa = PBXGroup;
			children = (
				6DA8878F29C6047E00DCF329 /* ViewControllers */,
				6DA8879829C615CD00DCF329 /* Models */,
				6DA8879529C613B100DCF329 /* Extensions */,
				6DA8879029C604DC00DCF329 /* Storyboards */,
				6DA8879229C6056300DCF329 /* SupportFiles */,
				6DA8879129C6052600DCF329 /* Resources */,
			);
			path = UserAuthorizationApp;
			sourceTree = "<group>";
		};
		6DA8878F29C6047E00DCF329 /* ViewControllers */ = {
			isa = PBXGroup;
			children = (
				6D0AE1C629C0F64C00020FAA /* LoginViewController.swift */,
				6DA38FDE29C4505D00D790B2 /* WelcomeViewController.swift */,
				6D8EF49C29C8E3C50084AE46 /* UserInfoViewController.swift */,
				6D8EF49E29C8E4920084AE46 /* ImageViewController.swift */,
			);
			path = ViewControllers;
			sourceTree = "<group>";
		};
		6DA8879029C604DC00DCF329 /* Storyboards */ = {
			isa = PBXGroup;
			children = (
				6D0AE1C829C0F64C00020FAA /* Main.storyboard */,
				6D0AE1CD29C0F64E00020FAA /* LaunchScreen.storyboard */,
			);
			path = Storyboards;
			sourceTree = "<group>";
		};
		6DA8879129C6052600DCF329 /* Resources */ = {
			isa = PBXGroup;
			children = (
				6D0AE1CB29C0F64E00020FAA /* Assets.xcassets */,
			);
			path = Resources;
			sourceTree = "<group>";
		};
		6DA8879229C6056300DCF329 /* SupportFiles */ = {
			isa = PBXGroup;
			children = (
				6D0AE1C229C0F64C00020FAA /* AppDelegate.swift */,
				6D0AE1C429C0F64C00020FAA /* SceneDelegate.swift */,
				6D0AE1D029C0F64E00020FAA /* Info.plist */,
			);
			path = SupportFiles;
			sourceTree = "<group>";
		};
		6DA8879529C613B100DCF329 /* Extensions */ = {
			isa = PBXGroup;
			children = (
				6DA8879329C6135C00DCF329 /* Extension + UIView.swift */,
			);
			path = Extensions;
			sourceTree = "<group>";
		};
		6DA8879829C615CD00DCF329 /* Models */ = {
			isa = PBXGroup;
			children = (
				6DA8879629C6159C00DCF329 /* User.swift */,
			);
			path = Models;
			sourceTree = "<group>";
		};
/* End PBXGroup section */

/* Begin PBXNativeTarget section */
		6D0AE1BE29C0F64C00020FAA /* UserAuthorizationApp */ = {
			isa = PBXNativeTarget;
			buildConfigurationList = 6D0AE1D329C0F64E00020FAA /* Build configuration list for PBXNativeTarget "UserAuthorizationApp" */;
			buildPhases = (
				6D0AE1BB29C0F64C00020FAA /* Sources */,
				6D0AE1BC29C0F64C00020FAA /* Frameworks */,
				6D0AE1BD29C0F64C00020FAA /* Resources */,
			);
			buildRules = (
			);
			dependencies = (
			);
			name = UserAuthorizationApp;
			productName = UserAuthorizationApp;
			productReference = 6D0AE1BF29C0F64C00020FAA /* UserAuthorizationApp.app */;
			productType = "com.apple.product-type.application";
		};
/* End PBXNativeTarget section */

/* Begin PBXProject section */
		6D0AE1B729C0F64C00020FAA /* Project object */ = {
			isa = PBXProject;
			attributes = {
				BuildIndependentTargetsInParallel = 1;
				LastSwiftUpdateCheck = 1420;
				LastUpgradeCheck = 1420;
				TargetAttributes = {
					6D0AE1BE29C0F64C00020FAA = {
						CreatedOnToolsVersion = 14.2;
					};
				};
			};
			buildConfigurationList = 6D0AE1BA29C0F64C00020FAA /* Build configuration list for PBXProject "UserAuthorizationApp" */;
			compatibilityVersion = "Xcode 14.0";
			developmentRegion = en;
			hasScannedForEncodings = 0;
			knownRegions = (
				en,
				Base,
			);
			mainGroup = 6D0AE1B629C0F64C00020FAA;
			productRefGroup = 6D0AE1C029C0F64C00020FAA /* Products */;
			projectDirPath = "";
			projectRoot = "";
			targets = (
				6D0AE1BE29C0F64C00020FAA /* UserAuthorizationApp */,
			);
		};
/* End PBXProject section */

/* Begin PBXResourcesBuildPhase section */
		6D0AE1BD29C0F64C00020FAA /* Resources */ = {
			isa = PBXResourcesBuildPhase;
			buildActionMask = 2147483647;
			files = (
				6D0AE1CF29C0F64E00020FAA /* LaunchScreen.storyboard in Resources */,
				6D0AE1CC29C0F64E00020FAA /* Assets.xcassets in Resources */,
				6D0AE1CA29C0F64C00020FAA /* Main.storyboard in Resources */,
			);
			runOnlyForDeploymentPostprocessing = 0;
		};
/* End PBXResourcesBuildPhase section */

/* Begin PBXSourcesBuildPhase section */
		6D0AE1BB29C0F64C00020FAA /* Sources */ = {
			isa = PBXSourcesBuildPhase;
			buildActionMask = 2147483647;
			files = (
				6D0AE1C729C0F64C00020FAA /* LoginViewController.swift in Sources */,
				6D8EF49D29C8E3C50084AE46 /* UserInfoViewController.swift in Sources */,
				6DA8879429C6135C00DCF329 /* Extension + UIView.swift in Sources */,
				6DA8879729C6159C00DCF329 /* User.swift in Sources */,
				6DA38FDF29C4505D00D790B2 /* WelcomeViewController.swift in Sources */,
				6D0AE1C329C0F64C00020FAA /* AppDelegate.swift in Sources */,
				6D8EF49F29C8E4920084AE46 /* ImageViewController.swift in Sources */,
				6D0AE1C529C0F64C00020FAA /* SceneDelegate.swift in Sources */,
			);
			runOnlyForDeploymentPostprocessing = 0;
		};
/* End PBXSourcesBuildPhase section */

/* Begin PBXVariantGroup section */
		6D0AE1C829C0F64C00020FAA /* Main.storyboard */ = {
			isa = PBXVariantGroup;
			children = (
				6D0AE1C929C0F64C00020FAA /* Base */,
			);
			name = Main.storyboard;
			sourceTree = "<group>";
		};
		6D0AE1CD29C0F64E00020FAA /* LaunchScreen.storyboard */ = {
			isa = PBXVariantGroup;
			children = (
				6D0AE1CE29C0F64E00020FAA /* Base */,
			);
			name = LaunchScreen.storyboard;
			sourceTree = "<group>";
		};
/* End PBXVariantGroup section */

/* Begin XCBuildConfiguration section */
		6D0AE1D129C0F64E00020FAA /* Debug */ = {
			isa = XCBuildConfiguration;
			buildSettings = {
				ALWAYS_SEARCH_USER_PATHS = NO;
				CLANG_ANALYZER_NONNULL = YES;
				CLANG_ANALYZER_NUMBER_OBJECT_CONVERSION = YES_AGGRESSIVE;
				CLANG_CXX_LANGUAGE_STANDARD = "gnu++20";
				CLANG_ENABLE_MODULES = YES;
				CLANG_ENABLE_OBJC_ARC = YES;
				CLANG_ENABLE_OBJC_WEAK = YES;
				CLANG_WARN_BLOCK_CAPTURE_AUTORELEASING = YES;
				CLANG_WARN_BOOL_CONVERSION = YES;
				CLANG_WARN_COMMA = YES;
				CLANG_WARN_CONSTANT_CONVERSION = YES;
				CLANG_WARN_DEPRECATED_OBJC_IMPLEMENTATIONS = YES;
				CLANG_WARN_DIRECT_OBJC_ISA_USAGE = YES_ERROR;
				CLANG_WARN_DOCUMENTATION_COMMENTS = YES;
				CLANG_WARN_EMPTY_BODY = YES;
				CLANG_WARN_ENUM_CONVERSION = YES;
				CLANG_WARN_INFINITE_RECURSION = YES;
				CLANG_WARN_INT_CONVERSION = YES;
				CLANG_WARN_NON_LITERAL_NULL_CONVERSION = YES;
				CLANG_WARN_OBJC_IMPLICIT_RETAIN_SELF = YES;
				CLANG_WARN_OBJC_LITERAL_CONVERSION = YES;
				CLANG_WARN_OBJC_ROOT_CLASS = YES_ERROR;
				CLANG_WARN_QUOTED_INCLUDE_IN_FRAMEWORK_HEADER = YES;
				CLANG_WARN_RANGE_LOOP_ANALYSIS = YES;
				CLANG_WARN_STRICT_PROTOTYPES = YES;
				CLANG_WARN_SUSPICIOUS_MOVE = YES;
				CLANG_WARN_UNGUARDED_AVAILABILITY = YES_AGGRESSIVE;
				CLANG_WARN_UNREACHABLE_CODE = YES;
				CLANG_WARN__DUPLICATE_METHOD_MATCH = YES;
				COPY_PHASE_STRIP = NO;
				DEBUG_INFORMATION_FORMAT = dwarf;
				ENABLE_STRICT_OBJC_MSGSEND = YES;
				ENABLE_TESTABILITY = YES;
				GCC_C_LANGUAGE_STANDARD = gnu11;
				GCC_DYNAMIC_NO_PIC = NO;
				GCC_NO_COMMON_BLOCKS = YES;
				GCC_OPTIMIZATION_LEVEL = 0;
				GCC_PREPROCESSOR_DEFINITIONS = (
					"DEBUG=1",
					"$(inherited)",
				);
				GCC_WARN_64_TO_32_BIT_CONVERSION = YES;
				GCC_WARN_ABOUT_RETURN_TYPE = YES_ERROR;
				GCC_WARN_UNDECLARED_SELECTOR = YES;
				GCC_WARN_UNINITIALIZED_AUTOS = YES_AGGRESSIVE;
				GCC_WARN_UNUSED_FUNCTION = YES;
				GCC_WARN_UNUSED_VARIABLE = YES;
				IPHONEOS_DEPLOYMENT_TARGET = 16.2;
				MTL_ENABLE_DEBUG_INFO = INCLUDE_SOURCE;
				MTL_FAST_MATH = YES;
				ONLY_ACTIVE_ARCH = YES;
				SDKROOT = iphoneos;
				SWIFT_ACTIVE_COMPILATION_CONDITIONS = DEBUG;
				SWIFT_OPTIMIZATION_LEVEL = "-Onone";
			};
			name = Debug;
		};
		6D0AE1D229C0F64E00020FAA /* Release */ = {
			isa = XCBuildConfiguration;
			buildSettings = {
				ALWAYS_SEARCH_USER_PATHS = NO;
				CLANG_ANALYZER_NONNULL = YES;
				CLANG_ANALYZER_NUMBER_OBJECT_CONVERSION = YES_AGGRESSIVE;
				CLANG_CXX_LANGUAGE_STANDARD = "gnu++20";
				CLANG_ENABLE_MODULES = YES;
				CLANG_ENABLE_OBJC_ARC = YES;
				CLANG_ENABLE_OBJC_WEAK = YES;
				CLANG_WARN_BLOCK_CAPTURE_AUTORELEASING = YES;
				CLANG_WARN_BOOL_CONVERSION = YES;
				CLANG_WARN_COMMA = YES;
				CLANG_WARN_CONSTANT_CONVERSION = YES;
				CLANG_WARN_DEPRECATED_OBJC_IMPLEMENTATIONS = YES;
				CLANG_WARN_DIRECT_OBJC_ISA_USAGE = YES_ERROR;
				CLANG_WARN_DOCUMENTATION_COMMENTS = YES;
				CLANG_WARN_EMPTY_BODY = YES;
				CLANG_WARN_ENUM_CONVERSION = YES;
				CLANG_WARN_INFINITE_RECURSION = YES;
				CLANG_WARN_INT_CONVERSION = YES;
				CLANG_WARN_NON_LITERAL_NULL_CONVERSION = YES;
				CLANG_WARN_OBJC_IMPLICIT_RETAIN_SELF = YES;
				CLANG_WARN_OBJC_LITERAL_CONVERSION = YES;
				CLANG_WARN_OBJC_ROOT_CLASS = YES_ERROR;
				CLANG_WARN_QUOTED_INCLUDE_IN_FRAMEWORK_HEADER = YES;
				CLANG_WARN_RANGE_LOOP_ANALYSIS = YES;
				CLANG_WARN_STRICT_PROTOTYPES = YES;
				CLANG_WARN_SUSPICIOUS_MOVE = YES;
				CLANG_WARN_UNGUARDED_AVAILABILITY = YES_AGGRESSIVE;
				CLANG_WARN_UNREACHABLE_CODE = YES;
				CLANG_WARN__DUPLICATE_METHOD_MATCH = YES;
				COPY_PHASE_STRIP = NO;
				DEBUG_INFORMATION_FORMAT = "dwarf-with-dsym";
				ENABLE_NS_ASSERTIONS = NO;
				ENABLE_STRICT_OBJC_MSGSEND = YES;
				GCC_C_LANGUAGE_STANDARD = gnu11;
				GCC_NO_COMMON_BLOCKS = YES;
				GCC_WARN_64_TO_32_BIT_CONVERSION = YES;
				GCC_WARN_ABOUT_RETURN_TYPE = YES_ERROR;
				GCC_WARN_UNDECLARED_SELECTOR = YES;
				GCC_WARN_UNINITIALIZED_AUTOS = YES_AGGRESSIVE;
				GCC_WARN_UNUSED_FUNCTION = YES;
				GCC_WARN_UNUSED_VARIABLE = YES;
				IPHONEOS_DEPLOYMENT_TARGET = 16.2;
				MTL_ENABLE_DEBUG_INFO = NO;
				MTL_FAST_MATH = YES;
				SDKROOT = iphoneos;
				SWIFT_COMPILATION_MODE = wholemodule;
				SWIFT_OPTIMIZATION_LEVEL = "-O";
				VALIDATE_PRODUCT = YES;
			};
			name = Release;
		};
		6D0AE1D429C0F64E00020FAA /* Debug */ = {
			isa = XCBuildConfiguration;
			buildSettings = {
				ASSETCATALOG_COMPILER_APPICON_NAME = AppIcon;
				ASSETCATALOG_COMPILER_GLOBAL_ACCENT_COLOR_NAME = AccentColor;
				CODE_SIGN_STYLE = Automatic;
				CURRENT_PROJECT_VERSION = 1;
				GENERATE_INFOPLIST_FILE = YES;
				INFOPLIST_FILE = UserAuthorizationApp/SupportFiles/Info.plist;
				INFOPLIST_KEY_UIApplicationSupportsIndirectInputEvents = YES;
				INFOPLIST_KEY_UILaunchStoryboardName = LaunchScreen;
				INFOPLIST_KEY_UIMainStoryboardFile = Main;
				INFOPLIST_KEY_UISupportedInterfaceOrientations_iPad = "UIInterfaceOrientationPortrait UIInterfaceOrientationPortraitUpsideDown UIInterfaceOrientationLandscapeLeft UIInterfaceOrientationLandscapeRight";
				INFOPLIST_KEY_UISupportedInterfaceOrientations_iPhone = "UIInterfaceOrientationPortrait UIInterfaceOrientationLandscapeLeft UIInterfaceOrientationLandscapeRight";
				IPHONEOS_DEPLOYMENT_TARGET = 15.0;
				LD_RUNPATH_SEARCH_PATHS = (
					"$(inherited)",
					"@executable_path/Frameworks",
				);
				MARKETING_VERSION = 1.0;
				PRODUCT_BUNDLE_IDENTIFIER = "Dmitry-Borodulkin.UserAuthorizationApp";
				PRODUCT_NAME = "$(TARGET_NAME)";
				SWIFT_EMIT_LOC_STRINGS = YES;
				SWIFT_VERSION = 5.0;
				TARGETED_DEVICE_FAMILY = "1,2";
			};
			name = Debug;
		};
		6D0AE1D529C0F64E00020FAA /* Release */ = {
			isa = XCBuildConfiguration;
			buildSettings = {
				ASSETCATALOG_COMPILER_APPICON_NAME = AppIcon;
				ASSETCATALOG_COMPILER_GLOBAL_ACCENT_COLOR_NAME = AccentColor;
				CODE_SIGN_STYLE = Automatic;
				CURRENT_PROJECT_VERSION = 1;
				GENERATE_INFOPLIST_FILE = YES;
				INFOPLIST_FILE = UserAuthorizationApp/SupportFiles/Info.plist;
				INFOPLIST_KEY_UIApplicationSupportsIndirectInputEvents = YES;
				INFOPLIST_KEY_UILaunchStoryboardName = LaunchScreen;
				INFOPLIST_KEY_UIMainStoryboardFile = Main;
				INFOPLIST_KEY_UISupportedInterfaceOrientations_iPad = "UIInterfaceOrientationPortrait UIInterfaceOrientationPortraitUpsideDown UIInterfaceOrientationLandscapeLeft UIInterfaceOrientationLandscapeRight";
				INFOPLIST_KEY_UISupportedInterfaceOrientations_iPhone = "UIInterfaceOrientationPortrait UIInterfaceOrientationLandscapeLeft UIInterfaceOrientationLandscapeRight";
				IPHONEOS_DEPLOYMENT_TARGET = 15.0;
				LD_RUNPATH_SEARCH_PATHS = (
					"$(inherited)",
					"@executable_path/Frameworks",
				);
				MARKETING_VERSION = 1.0;
				PRODUCT_BUNDLE_IDENTIFIER = "Dmitry-Borodulkin.UserAuthorizationApp";
				PRODUCT_NAME = "$(TARGET_NAME)";
				SWIFT_EMIT_LOC_STRINGS = YES;
				SWIFT_VERSION = 5.0;
				TARGETED_DEVICE_FAMILY = "1,2";
			};
			name = Release;
		};
/* End XCBuildConfiguration section */

/* Begin XCConfigurationList section */
		6D0AE1BA29C0F64C00020FAA /* Build configuration list for PBXProject "UserAuthorizationApp" */ = {
			isa = XCConfigurationList;
			buildConfigurations = (
				6D0AE1D129C0F64E00020FAA /* Debug */,
				6D0AE1D229C0F64E00020FAA /* Release */,
			);
			defaultConfigurationIsVisible = 0;
			defaultConfigurationName = Release;
		};
		6D0AE1D329C0F64E00020FAA /* Build configuration list for PBXNativeTarget "UserAuthorizationApp" */ = {
			isa = XCConfigurationList;
			buildConfigurations = (
				6D0AE1D429C0F64E00020FAA /* Debug */,
				6D0AE1D529C0F64E00020FAA /* Release */,
			);
			defaultConfigurationIsVisible = 0;
			defaultConfigurationName = Release;
		};
/* End XCConfigurationList section */
	};
	rootObject = 6D0AE1B729C0F64C00020FAA /* Project object */;
}
